// !$*UTF8*$!
{
	archiveVersion = 1;
	classes = {
	};
	objectVersion = 56;
	objects = {

/* Begin PBXBuildFile section */
		8116EAEC29C9F16800F8877C /* LocationManager.swift in Sources */ = {isa = PBXBuildFile; fileRef = 8116EAEB29C9F16800F8877C /* LocationManager.swift */; };
		81377635299EA7810050E105 /* POI.swift in Sources */ = {isa = PBXBuildFile; fileRef = 81377634299EA7810050E105 /* POI.swift */; };
		817A828029A5240800AE8C55 /* TimerPlayground.swift in Sources */ = {isa = PBXBuildFile; fileRef = 817A827F29A5240800AE8C55 /* TimerPlayground.swift */; };
		8196030B299AB4FC008EDC6D /* NessGardensApp.swift in Sources */ = {isa = PBXBuildFile; fileRef = 8196030A299AB4FC008EDC6D /* NessGardensApp.swift */; };
		8196030D299AB4FC008EDC6D /* ContentView.swift in Sources */ = {isa = PBXBuildFile; fileRef = 8196030C299AB4FC008EDC6D /* ContentView.swift */; };
		8196030F299AB50A008EDC6D /* Assets.xcassets in Resources */ = {isa = PBXBuildFile; fileRef = 8196030E299AB50A008EDC6D /* Assets.xcassets */; };
		81960312299AB50A008EDC6D /* Preview Assets.xcassets in Resources */ = {isa = PBXBuildFile; fileRef = 81960311299AB50A008EDC6D /* Preview Assets.xcassets */; };
		8196031C299AB50A008EDC6D /* NessGardensTests.swift in Sources */ = {isa = PBXBuildFile; fileRef = 8196031B299AB50A008EDC6D /* NessGardensTests.swift */; };
		81960326299AB50A008EDC6D /* NessGardensUITests.swift in Sources */ = {isa = PBXBuildFile; fileRef = 81960325299AB50A008EDC6D /* NessGardensUITests.swift */; };
		81960328299AB50A008EDC6D /* NessGardensUITestsLaunchTests.swift in Sources */ = {isa = PBXBuildFile; fileRef = 81960327299AB50A008EDC6D /* NessGardensUITestsLaunchTests.swift */; };
		81960336299AB659008EDC6D /* RoutesView.swift in Sources */ = {isa = PBXBuildFile; fileRef = 81960335299AB659008EDC6D /* RoutesView.swift */; };
		81960338299AB66B008EDC6D /* SettingsView.swift in Sources */ = {isa = PBXBuildFile; fileRef = 81960337299AB66B008EDC6D /* SettingsView.swift */; };
		8196033A299ABAA2008EDC6D /* POIView.swift in Sources */ = {isa = PBXBuildFile; fileRef = 81960339299ABAA2008EDC6D /* POIView.swift */; };
		8196033C299ABBBD008EDC6D /* MapView.swift in Sources */ = {isa = PBXBuildFile; fileRef = 8196033B299ABBBD008EDC6D /* MapView.swift */; };
		8196033E299AC171008EDC6D /* RecordView.swift in Sources */ = {isa = PBXBuildFile; fileRef = 8196033D299AC171008EDC6D /* RecordView.swift */; };
		81960340299AC9A3008EDC6D /* RouteDetailView.swift in Sources */ = {isa = PBXBuildFile; fileRef = 8196033F299AC9A3008EDC6D /* RouteDetailView.swift */; };
		81AB709A299FBF6B0063164C /* POIDetailView.swift in Sources */ = {isa = PBXBuildFile; fileRef = 81AB7099299FBF6B0063164C /* POIDetailView.swift */; };
		81AB709C299FE0C30063164C /* AddPOIView.swift in Sources */ = {isa = PBXBuildFile; fileRef = 81AB709B299FE0C30063164C /* AddPOIView.swift */; };
		81FB4423299C0C5A006F5EFE /* Route.swift in Sources */ = {isa = PBXBuildFile; fileRef = 81FB4422299C0C5A006F5EFE /* Route.swift */; };
/* End PBXBuildFile section */

/* Begin PBXContainerItemProxy section */
		81960318299AB50A008EDC6D /* PBXContainerItemProxy */ = {
			isa = PBXContainerItemProxy;
			containerPortal = 819602FF299AB4FC008EDC6D /* Project object */;
			proxyType = 1;
			remoteGlobalIDString = 81960306299AB4FC008EDC6D;
			remoteInfo = NessGardens;
		};
		81960322299AB50A008EDC6D /* PBXContainerItemProxy */ = {
			isa = PBXContainerItemProxy;
			containerPortal = 819602FF299AB4FC008EDC6D /* Project object */;
			proxyType = 1;
			remoteGlobalIDString = 81960306299AB4FC008EDC6D;
			remoteInfo = NessGardens;
		};
/* End PBXContainerItemProxy section */

/* Begin PBXFileReference section */
		8116EAEB29C9F16800F8877C /* LocationManager.swift */ = {isa = PBXFileReference; lastKnownFileType = sourcecode.swift; path = LocationManager.swift; sourceTree = "<group>"; };
		81377634299EA7810050E105 /* POI.swift */ = {isa = PBXFileReference; lastKnownFileType = sourcecode.swift; path = POI.swift; sourceTree = "<group>"; };
		817A827F29A5240800AE8C55 /* TimerPlayground.swift */ = {isa = PBXFileReference; lastKnownFileType = sourcecode.swift; path = TimerPlayground.swift; sourceTree = "<group>"; };
		81960307299AB4FC008EDC6D /* NessGardens.app */ = {isa = PBXFileReference; explicitFileType = wrapper.application; includeInIndex = 0; path = NessGardens.app; sourceTree = BUILT_PRODUCTS_DIR; };
		8196030A299AB4FC008EDC6D /* NessGardensApp.swift */ = {isa = PBXFileReference; lastKnownFileType = sourcecode.swift; path = NessGardensApp.swift; sourceTree = "<group>"; };
		8196030C299AB4FC008EDC6D /* ContentView.swift */ = {isa = PBXFileReference; lastKnownFileType = sourcecode.swift; path = ContentView.swift; sourceTree = "<group>"; };
		8196030E299AB50A008EDC6D /* Assets.xcassets */ = {isa = PBXFileReference; lastKnownFileType = folder.assetcatalog; path = Assets.xcassets; sourceTree = "<group>"; };
		81960311299AB50A008EDC6D /* Preview Assets.xcassets */ = {isa = PBXFileReference; lastKnownFileType = folder.assetcatalog; path = "Preview Assets.xcassets"; sourceTree = "<group>"; };
		81960317299AB50A008EDC6D /* NessGardensTests.xctest */ = {isa = PBXFileReference; explicitFileType = wrapper.cfbundle; includeInIndex = 0; path = NessGardensTests.xctest; sourceTree = BUILT_PRODUCTS_DIR; };
		8196031B299AB50A008EDC6D /* NessGardensTests.swift */ = {isa = PBXFileReference; lastKnownFileType = sourcecode.swift; path = NessGardensTests.swift; sourceTree = "<group>"; };
		81960321299AB50A008EDC6D /* NessGardensUITests.xctest */ = {isa = PBXFileReference; explicitFileType = wrapper.cfbundle; includeInIndex = 0; path = NessGardensUITests.xctest; sourceTree = BUILT_PRODUCTS_DIR; };
		81960325299AB50A008EDC6D /* NessGardensUITests.swift */ = {isa = PBXFileReference; lastKnownFileType = sourcecode.swift; path = NessGardensUITests.swift; sourceTree = "<group>"; };
		81960327299AB50A008EDC6D /* NessGardensUITestsLaunchTests.swift */ = {isa = PBXFileReference; lastKnownFileType = sourcecode.swift; path = NessGardensUITestsLaunchTests.swift; sourceTree = "<group>"; };
		81960335299AB659008EDC6D /* RoutesView.swift */ = {isa = PBXFileReference; lastKnownFileType = sourcecode.swift; path = RoutesView.swift; sourceTree = "<group>"; };
		81960337299AB66B008EDC6D /* SettingsView.swift */ = {isa = PBXFileReference; lastKnownFileType = sourcecode.swift; path = SettingsView.swift; sourceTree = "<group>"; };
		81960339299ABAA2008EDC6D /* POIView.swift */ = {isa = PBXFileReference; lastKnownFileType = sourcecode.swift; path = POIView.swift; sourceTree = "<group>"; };
		8196033B299ABBBD008EDC6D /* MapView.swift */ = {isa = PBXFileReference; lastKnownFileType = sourcecode.swift; path = MapView.swift; sourceTree = "<group>"; };
		8196033D299AC171008EDC6D /* RecordView.swift */ = {isa = PBXFileReference; lastKnownFileType = sourcecode.swift; path = RecordView.swift; sourceTree = "<group>"; };
		8196033F299AC9A3008EDC6D /* RouteDetailView.swift */ = {isa = PBXFileReference; lastKnownFileType = sourcecode.swift; path = RouteDetailView.swift; sourceTree = "<group>"; };
		81AB7099299FBF6B0063164C /* POIDetailView.swift */ = {isa = PBXFileReference; lastKnownFileType = sourcecode.swift; path = POIDetailView.swift; sourceTree = "<group>"; };
		81AB709B299FE0C30063164C /* AddPOIView.swift */ = {isa = PBXFileReference; lastKnownFileType = sourcecode.swift; path = AddPOIView.swift; sourceTree = "<group>"; };
		81FB4422299C0C5A006F5EFE /* Route.swift */ = {isa = PBXFileReference; lastKnownFileType = sourcecode.swift; path = Route.swift; sourceTree = "<group>"; };
/* End PBXFileReference section */

/* Begin PBXFrameworksBuildPhase section */
		81960304299AB4FC008EDC6D /* Frameworks */ = {
			isa = PBXFrameworksBuildPhase;
			buildActionMask = 2147483647;
			files = (
			);
			runOnlyForDeploymentPostprocessing = 0;
		};
		81960314299AB50A008EDC6D /* Frameworks */ = {
			isa = PBXFrameworksBuildPhase;
			buildActionMask = 2147483647;
			files = (
			);
			runOnlyForDeploymentPostprocessing = 0;
		};
		8196031E299AB50A008EDC6D /* Frameworks */ = {
			isa = PBXFrameworksBuildPhase;
			buildActionMask = 2147483647;
			files = (
			);
			runOnlyForDeploymentPostprocessing = 0;
		};
/* End PBXFrameworksBuildPhase section */

/* Begin PBXGroup section */
		817A827E29A5167500AE8C55 /* RecordViews */ = {
			isa = PBXGroup;
			children = (
				8196033D299AC171008EDC6D /* RecordView.swift */,
			);
			path = RecordViews;
			sourceTree = "<group>";
		};
		819602FE299AB4FC008EDC6D = {
			isa = PBXGroup;
			children = (
				81960309299AB4FC008EDC6D /* NessGardens */,
				8196031A299AB50A008EDC6D /* NessGardensTests */,
				81960324299AB50A008EDC6D /* NessGardensUITests */,
				81960308299AB4FC008EDC6D /* Products */,
			);
			sourceTree = "<group>";
		};
		81960308299AB4FC008EDC6D /* Products */ = {
			isa = PBXGroup;
			children = (
				81960307299AB4FC008EDC6D /* NessGardens.app */,
				81960317299AB50A008EDC6D /* NessGardensTests.xctest */,
				81960321299AB50A008EDC6D /* NessGardensUITests.xctest */,
			);
			name = Products;
			sourceTree = "<group>";
		};
		81960309299AB4FC008EDC6D /* NessGardens */ = {
			isa = PBXGroup;
			children = (
				81FB4421299C0C35006F5EFE /* Models */,
				81960334299AB63A008EDC6D /* Views */,
				8196030A299AB4FC008EDC6D /* NessGardensApp.swift */,
				8196030C299AB4FC008EDC6D /* ContentView.swift */,
				8196030E299AB50A008EDC6D /* Assets.xcassets */,
				81960310299AB50A008EDC6D /* Preview Content */,
			);
			path = NessGardens;
			sourceTree = "<group>";
		};
		81960310299AB50A008EDC6D /* Preview Content */ = {
			isa = PBXGroup;
			children = (
				81960311299AB50A008EDC6D /* Preview Assets.xcassets */,
			);
			path = "Preview Content";
			sourceTree = "<group>";
		};
		8196031A299AB50A008EDC6D /* NessGardensTests */ = {
			isa = PBXGroup;
			children = (
				8196031B299AB50A008EDC6D /* NessGardensTests.swift */,
			);
			path = NessGardensTests;
			sourceTree = "<group>";
		};
		81960324299AB50A008EDC6D /* NessGardensUITests */ = {
			isa = PBXGroup;
			children = (
				81960325299AB50A008EDC6D /* NessGardensUITests.swift */,
				81960327299AB50A008EDC6D /* NessGardensUITestsLaunchTests.swift */,
			);
			path = NessGardensUITests;
			sourceTree = "<group>";
		};
		81960334299AB63A008EDC6D /* Views */ = {
			isa = PBXGroup;
			children = (
				817A827E29A5167500AE8C55 /* RecordViews */,
				81AB7098299FBF4C0063164C /* POIViews */,
				81AB7097299FBF060063164C /* RouteViews */,
				81960337299AB66B008EDC6D /* SettingsView.swift */,
				8196033B299ABBBD008EDC6D /* MapView.swift */,
				817A827F29A5240800AE8C55 /* TimerPlayground.swift */,
			);
			path = Views;
			sourceTree = "<group>";
		};
		81AB7097299FBF060063164C /* RouteViews */ = {
			isa = PBXGroup;
			children = (
				81960335299AB659008EDC6D /* RoutesView.swift */,
				8196033F299AC9A3008EDC6D /* RouteDetailView.swift */,
			);
			path = RouteViews;
			sourceTree = "<group>";
		};
		81AB7098299FBF4C0063164C /* POIViews */ = {
			isa = PBXGroup;
			children = (
				81960339299ABAA2008EDC6D /* POIView.swift */,
				81AB7099299FBF6B0063164C /* POIDetailView.swift */,
				81AB709B299FE0C30063164C /* AddPOIView.swift */,
			);
			path = POIViews;
			sourceTree = "<group>";
		};
		81FB4421299C0C35006F5EFE /* Models */ = {
			isa = PBXGroup;
			children = (
				81FB4422299C0C5A006F5EFE /* Route.swift */,
				81377634299EA7810050E105 /* POI.swift */,
				8116EAEB29C9F16800F8877C /* LocationManager.swift */,
			);
			path = Models;
			sourceTree = "<group>";
		};
/* End PBXGroup section */

/* Begin PBXNativeTarget section */
		81960306299AB4FC008EDC6D /* NessGardens */ = {
			isa = PBXNativeTarget;
			buildConfigurationList = 8196032B299AB50A008EDC6D /* Build configuration list for PBXNativeTarget "NessGardens" */;
			buildPhases = (
				81960303299AB4FC008EDC6D /* Sources */,
				81960304299AB4FC008EDC6D /* Frameworks */,
				81960305299AB4FC008EDC6D /* Resources */,
			);
			buildRules = (
			);
			dependencies = (
			);
			name = NessGardens;
			productName = NessGardens;
			productReference = 81960307299AB4FC008EDC6D /* NessGardens.app */;
			productType = "com.apple.product-type.application";
		};
		81960316299AB50A008EDC6D /* NessGardensTests */ = {
			isa = PBXNativeTarget;
			buildConfigurationList = 8196032E299AB50A008EDC6D /* Build configuration list for PBXNativeTarget "NessGardensTests" */;
			buildPhases = (
				81960313299AB50A008EDC6D /* Sources */,
				81960314299AB50A008EDC6D /* Frameworks */,
				81960315299AB50A008EDC6D /* Resources */,
			);
			buildRules = (
			);
			dependencies = (
				81960319299AB50A008EDC6D /* PBXTargetDependency */,
			);
			name = NessGardensTests;
			productName = NessGardensTests;
			productReference = 81960317299AB50A008EDC6D /* NessGardensTests.xctest */;
			productType = "com.apple.product-type.bundle.unit-test";
		};
		81960320299AB50A008EDC6D /* NessGardensUITests */ = {
			isa = PBXNativeTarget;
			buildConfigurationList = 81960331299AB50A008EDC6D /* Build configuration list for PBXNativeTarget "NessGardensUITests" */;
			buildPhases = (
				8196031D299AB50A008EDC6D /* Sources */,
				8196031E299AB50A008EDC6D /* Frameworks */,
				8196031F299AB50A008EDC6D /* Resources */,
			);
			buildRules = (
			);
			dependencies = (
				81960323299AB50A008EDC6D /* PBXTargetDependency */,
			);
			name = NessGardensUITests;
			productName = NessGardensUITests;
			productReference = 81960321299AB50A008EDC6D /* NessGardensUITests.xctest */;
			productType = "com.apple.product-type.bundle.ui-testing";
		};
/* End PBXNativeTarget section */

/* Begin PBXProject section */
		819602FF299AB4FC008EDC6D /* Project object */ = {
			isa = PBXProject;
			attributes = {
				BuildIndependentTargetsInParallel = 1;
				LastSwiftUpdateCheck = 1420;
				LastUpgradeCheck = 1420;
				TargetAttributes = {
					81960306299AB4FC008EDC6D = {
						CreatedOnToolsVersion = 14.2;
					};
					81960316299AB50A008EDC6D = {
						CreatedOnToolsVersion = 14.2;
						TestTargetID = 81960306299AB4FC008EDC6D;
					};
					81960320299AB50A008EDC6D = {
						CreatedOnToolsVersion = 14.2;
						TestTargetID = 81960306299AB4FC008EDC6D;
					};
				};
			};
			buildConfigurationList = 81960302299AB4FC008EDC6D /* Build configuration list for PBXProject "NessGardens" */;
			compatibilityVersion = "Xcode 14.0";
			developmentRegion = en;
			hasScannedForEncodings = 0;
			knownRegions = (
				en,
				Base,
			);
			mainGroup = 819602FE299AB4FC008EDC6D;
			productRefGroup = 81960308299AB4FC008EDC6D /* Products */;
			projectDirPath = "";
			projectRoot = "";
			targets = (
				81960306299AB4FC008EDC6D /* NessGardens */,
				81960316299AB50A008EDC6D /* NessGardensTests */,
				81960320299AB50A008EDC6D /* NessGardensUITests */,
			);
		};
/* End PBXProject section */

/* Begin PBXResourcesBuildPhase section */
		81960305299AB4FC008EDC6D /* Resources */ = {
			isa = PBXResourcesBuildPhase;
			buildActionMask = 2147483647;
			files = (
				81960312299AB50A008EDC6D /* Preview Assets.xcassets in Resources */,
				8196030F299AB50A008EDC6D /* Assets.xcassets in Resources */,
			);
			runOnlyForDeploymentPostprocessing = 0;
		};
		81960315299AB50A008EDC6D /* Resources */ = {
			isa = PBXResourcesBuildPhase;
			buildActionMask = 2147483647;
			files = (
			);
			runOnlyForDeploymentPostprocessing = 0;
		};
		8196031F299AB50A008EDC6D /* Resources */ = {
			isa = PBXResourcesBuildPhase;
			buildActionMask = 2147483647;
			files = (
			);
			runOnlyForDeploymentPostprocessing = 0;
		};
/* End PBXResourcesBuildPhase section */

/* Begin PBXSourcesBuildPhase section */
		81960303299AB4FC008EDC6D /* Sources */ = {
			isa = PBXSourcesBuildPhase;
			buildActionMask = 2147483647;
			files = (
				81FB4423299C0C5A006F5EFE /* Route.swift in Sources */,
				8196030D299AB4FC008EDC6D /* ContentView.swift in Sources */,
				817A828029A5240800AE8C55 /* TimerPlayground.swift in Sources */,
				8196033C299ABBBD008EDC6D /* MapView.swift in Sources */,
				81960338299AB66B008EDC6D /* SettingsView.swift in Sources */,
				81AB709A299FBF6B0063164C /* POIDetailView.swift in Sources */,
				8196033E299AC171008EDC6D /* RecordView.swift in Sources */,
				81960336299AB659008EDC6D /* RoutesView.swift in Sources */,
				81AB709C299FE0C30063164C /* AddPOIView.swift in Sources */,
				81377635299EA7810050E105 /* POI.swift in Sources */,
				8116EAEC29C9F16800F8877C /* LocationManager.swift in Sources */,
				81960340299AC9A3008EDC6D /* RouteDetailView.swift in Sources */,
				8196033A299ABAA2008EDC6D /* POIView.swift in Sources */,
				8196030B299AB4FC008EDC6D /* NessGardensApp.swift in Sources */,
			);
			runOnlyForDeploymentPostprocessing = 0;
		};
		81960313299AB50A008EDC6D /* Sources */ = {
			isa = PBXSourcesBuildPhase;
			buildActionMask = 2147483647;
			files = (
				8196031C299AB50A008EDC6D /* NessGardensTests.swift in Sources */,
			);
			runOnlyForDeploymentPostprocessing = 0;
		};
		8196031D299AB50A008EDC6D /* Sources */ = {
			isa = PBXSourcesBuildPhase;
			buildActionMask = 2147483647;
			files = (
				81960328299AB50A008EDC6D /* NessGardensUITestsLaunchTests.swift in Sources */,
				81960326299AB50A008EDC6D /* NessGardensUITests.swift in Sources */,
			);
			runOnlyForDeploymentPostprocessing = 0;
		};
/* End PBXSourcesBuildPhase section */

/* Begin PBXTargetDependency section */
		81960319299AB50A008EDC6D /* PBXTargetDependency */ = {
			isa = PBXTargetDependency;
			target = 81960306299AB4FC008EDC6D /* NessGardens */;
			targetProxy = 81960318299AB50A008EDC6D /* PBXContainerItemProxy */;
		};
		81960323299AB50A008EDC6D /* PBXTargetDependency */ = {
			isa = PBXTargetDependency;
			target = 81960306299AB4FC008EDC6D /* NessGardens */;
			targetProxy = 81960322299AB50A008EDC6D /* PBXContainerItemProxy */;
		};
/* End PBXTargetDependency section */

/* Begin XCBuildConfiguration section */
		81960329299AB50A008EDC6D /* Debug */ = {
			isa = XCBuildConfiguration;
			buildSettings = {
				ALWAYS_SEARCH_USER_PATHS = NO;
				CLANG_ANALYZER_NONNULL = YES;
				CLANG_ANALYZER_NUMBER_OBJECT_CONVERSION = YES_AGGRESSIVE;
				CLANG_CXX_LANGUAGE_STANDARD = "gnu++20";
				CLANG_ENABLE_MODULES = YES;
				CLANG_ENABLE_OBJC_ARC = YES;
				CLANG_ENABLE_OBJC_WEAK = YES;
				CLANG_WARN_BLOCK_CAPTURE_AUTORELEASING = YES;
				CLANG_WARN_BOOL_CONVERSION = YES;
				CLANG_WARN_COMMA = YES;
				CLANG_WARN_CONSTANT_CONVERSION = YES;
				CLANG_WARN_DEPRECATED_OBJC_IMPLEMENTATIONS = YES;
				CLANG_WARN_DIRECT_OBJC_ISA_USAGE = YES_ERROR;
				CLANG_WARN_DOCUMENTATION_COMMENTS = YES;
				CLANG_WARN_EMPTY_BODY = YES;
				CLANG_WARN_ENUM_CONVERSION = YES;
				CLANG_WARN_INFINITE_RECURSION = YES;
				CLANG_WARN_INT_CONVERSION = YES;
				CLANG_WARN_NON_LITERAL_NULL_CONVERSION = YES;
				CLANG_WARN_OBJC_IMPLICIT_RETAIN_SELF = YES;
				CLANG_WARN_OBJC_LITERAL_CONVERSION = YES;
				CLANG_WARN_OBJC_ROOT_CLASS = YES_ERROR;
				CLANG_WARN_QUOTED_INCLUDE_IN_FRAMEWORK_HEADER = YES;
				CLANG_WARN_RANGE_LOOP_ANALYSIS = YES;
				CLANG_WARN_STRICT_PROTOTYPES = YES;
				CLANG_WARN_SUSPICIOUS_MOVE = YES;
				CLANG_WARN_UNGUARDED_AVAILABILITY = YES_AGGRESSIVE;
				CLANG_WARN_UNREACHABLE_CODE = YES;
				CLANG_WARN__DUPLICATE_METHOD_MATCH = YES;
				COPY_PHASE_STRIP = NO;
				DEBUG_INFORMATION_FORMAT = dwarf;
				ENABLE_STRICT_OBJC_MSGSEND = YES;
				ENABLE_TESTABILITY = YES;
				GCC_C_LANGUAGE_STANDARD = gnu11;
				GCC_DYNAMIC_NO_PIC = NO;
				GCC_NO_COMMON_BLOCKS = YES;
				GCC_OPTIMIZATION_LEVEL = 0;
				GCC_PREPROCESSOR_DEFINITIONS = (
					"DEBUG=1",
					"$(inherited)",
				);
				GCC_WARN_64_TO_32_BIT_CONVERSION = YES;
				GCC_WARN_ABOUT_RETURN_TYPE = YES_ERROR;
				GCC_WARN_UNDECLARED_SELECTOR = YES;
				GCC_WARN_UNINITIALIZED_AUTOS = YES_AGGRESSIVE;
				GCC_WARN_UNUSED_FUNCTION = YES;
				GCC_WARN_UNUSED_VARIABLE = YES;
				IPHONEOS_DEPLOYMENT_TARGET = 16.2;
				MTL_ENABLE_DEBUG_INFO = INCLUDE_SOURCE;
				MTL_FAST_MATH = YES;
				ONLY_ACTIVE_ARCH = YES;
				SDKROOT = iphoneos;
				SWIFT_ACTIVE_COMPILATION_CONDITIONS = DEBUG;
				SWIFT_OPTIMIZATION_LEVEL = "-Onone";
			};
			name = Debug;
		};
		8196032A299AB50A008EDC6D /* Release */ = {
			isa = XCBuildConfiguration;
			buildSettings = {
				ALWAYS_SEARCH_USER_PATHS = NO;
				CLANG_ANALYZER_NONNULL = YES;
				CLANG_ANALYZER_NUMBER_OBJECT_CONVERSION = YES_AGGRESSIVE;
				CLANG_CXX_LANGUAGE_STANDARD = "gnu++20";
				CLANG_ENABLE_MODULES = YES;
				CLANG_ENABLE_OBJC_ARC = YES;
				CLANG_ENABLE_OBJC_WEAK = YES;
				CLANG_WARN_BLOCK_CAPTURE_AUTORELEASING = YES;
				CLANG_WARN_BOOL_CONVERSION = YES;
				CLANG_WARN_COMMA = YES;
				CLANG_WARN_CONSTANT_CONVERSION = YES;
				CLANG_WARN_DEPRECATED_OBJC_IMPLEMENTATIONS = YES;
				CLANG_WARN_DIRECT_OBJC_ISA_USAGE = YES_ERROR;
				CLANG_WARN_DOCUMENTATION_COMMENTS = YES;
				CLANG_WARN_EMPTY_BODY = YES;
				CLANG_WARN_ENUM_CONVERSION = YES;
				CLANG_WARN_INFINITE_RECURSION = YES;
				CLANG_WARN_INT_CONVERSION = YES;
				CLANG_WARN_NON_LITERAL_NULL_CONVERSION = YES;
				CLANG_WARN_OBJC_IMPLICIT_RETAIN_SELF = YES;
				CLANG_WARN_OBJC_LITERAL_CONVERSION = YES;
				CLANG_WARN_OBJC_ROOT_CLASS = YES_ERROR;
				CLANG_WARN_QUOTED_INCLUDE_IN_FRAMEWORK_HEADER = YES;
				CLANG_WARN_RANGE_LOOP_ANALYSIS = YES;
				CLANG_WARN_STRICT_PROTOTYPES = YES;
				CLANG_WARN_SUSPICIOUS_MOVE = YES;
				CLANG_WARN_UNGUARDED_AVAILABILITY = YES_AGGRESSIVE;
				CLANG_WARN_UNREACHABLE_CODE = YES;
				CLANG_WARN__DUPLICATE_METHOD_MATCH = YES;
				COPY_PHASE_STRIP = NO;
				DEBUG_INFORMATION_FORMAT = "dwarf-with-dsym";
				ENABLE_NS_ASSERTIONS = NO;
				ENABLE_STRICT_OBJC_MSGSEND = YES;
				GCC_C_LANGUAGE_STANDARD = gnu11;
				GCC_NO_COMMON_BLOCKS = YES;
				GCC_WARN_64_TO_32_BIT_CONVERSION = YES;
				GCC_WARN_ABOUT_RETURN_TYPE = YES_ERROR;
				GCC_WARN_UNDECLARED_SELECTOR = YES;
				GCC_WARN_UNINITIALIZED_AUTOS = YES_AGGRESSIVE;
				GCC_WARN_UNUSED_FUNCTION = YES;
				GCC_WARN_UNUSED_VARIABLE = YES;
				IPHONEOS_DEPLOYMENT_TARGET = 16.2;
				MTL_ENABLE_DEBUG_INFO = NO;
				MTL_FAST_MATH = YES;
				SDKROOT = iphoneos;
				SWIFT_COMPILATION_MODE = wholemodule;
				SWIFT_OPTIMIZATION_LEVEL = "-O";
				VALIDATE_PRODUCT = YES;
			};
			name = Release;
		};
		8196032C299AB50A008EDC6D /* Debug */ = {
			isa = XCBuildConfiguration;
			buildSettings = {
				ASSETCATALOG_COMPILER_APPICON_NAME = AppIcon;
				ASSETCATALOG_COMPILER_GLOBAL_ACCENT_COLOR_NAME = AccentColor;
				CODE_SIGN_STYLE = Automatic;
				CURRENT_PROJECT_VERSION = 1;
				DEVELOPMENT_ASSET_PATHS = "\"NessGardens/Preview Content\"";
				ENABLE_PREVIEWS = YES;
				GENERATE_INFOPLIST_FILE = YES;
				INFOPLIST_KEY_LSApplicationCategoryType = "public.app-category.travel";
				INFOPLIST_KEY_NSLocationWhenInUseUsageDescription = "This app requires location to use routes.";
				INFOPLIST_KEY_UIApplicationSceneManifest_Generation = YES;
				INFOPLIST_KEY_UIApplicationSupportsIndirectInputEvents = YES;
				INFOPLIST_KEY_UILaunchScreen_Generation = YES;
				INFOPLIST_KEY_UISupportedInterfaceOrientations_iPad = "UIInterfaceOrientationPortrait UIInterfaceOrientationPortraitUpsideDown UIInterfaceOrientationLandscapeLeft UIInterfaceOrientationLandscapeRight";
				INFOPLIST_KEY_UISupportedInterfaceOrientations_iPhone = "UIInterfaceOrientationPortrait UIInterfaceOrientationLandscapeLeft UIInterfaceOrientationLandscapeRight";
				LD_RUNPATH_SEARCH_PATHS = (
					"$(inherited)",
					"@executable_path/Frameworks",
				);
				MARKETING_VERSION = 1.0;
				PRODUCT_BUNDLE_IDENTIFIER = uk.ac.liverpool.NessGardens;
				PRODUCT_NAME = "$(TARGET_NAME)";
				SWIFT_EMIT_LOC_STRINGS = YES;
				SWIFT_VERSION = 5.0;
				TARGETED_DEVICE_FAMILY = "1,2";
			};
			name = Debug;
		};
		8196032D299AB50A008EDC6D /* Release */ = {
			isa = XCBuildConfiguration;
			buildSettings = {
				ASSETCATALOG_COMPILER_APPICON_NAME = AppIcon;
				ASSETCATALOG_COMPILER_GLOBAL_ACCENT_COLOR_NAME = AccentColor;
				CODE_SIGN_STYLE = Automatic;
				CURRENT_PROJECT_VERSION = 1;
				DEVELOPMENT_ASSET_PATHS = "\"NessGardens/Preview Content\"";
				ENABLE_PREVIEWS = YES;
				GENERATE_INFOPLIST_FILE = YES;
				INFOPLIST_KEY_LSApplicationCategoryType = "public.app-category.travel";
				INFOPLIST_KEY_NSLocationWhenInUseUsageDescription = "This app requires location to use routes.";
				INFOPLIST_KEY_UIApplicationSceneManifest_Generation = YES;
				INFOPLIST_KEY_UIApplicationSupportsIndirectInputEvents = YES;
				INFOPLIST_KEY_UILaunchScreen_Generation = YES;
				INFOPLIST_KEY_UISupportedInterfaceOrientations_iPad = "UIInterfaceOrientationPortrait UIInterfaceOrientationPortraitUpsideDown UIInterfaceOrientationLandscapeLeft UIInterfaceOrientationLandscapeRight";
				INFOPLIST_KEY_UISupportedInterfaceOrientations_iPhone = "UIInterfaceOrientationPortrait UIInterfaceOrientationLandscapeLeft UIInterfaceOrientationLandscapeRight";
				LD_RUNPATH_SEARCH_PATHS = (
					"$(inherited)",
					"@executable_path/Frameworks",
				);
				MARKETING_VERSION = 1.0;
				PRODUCT_BUNDLE_IDENTIFIER = uk.ac.liverpool.NessGardens;
				PRODUCT_NAME = "$(TARGET_NAME)";
				SWIFT_EMIT_LOC_STRINGS = YES;
				SWIFT_VERSION = 5.0;
				TARGETED_DEVICE_FAMILY = "1,2";
			};
			name = Release;
		};
		8196032F299AB50A008EDC6D /* Debug */ = {
			isa = XCBuildConfiguration;
			buildSettings = {
				ALWAYS_EMBED_SWIFT_STANDARD_LIBRARIES = YES;
				BUNDLE_LOADER = "$(TEST_HOST)";
				CODE_SIGN_STYLE = Automatic;
				CURRENT_PROJECT_VERSION = 1;
				GENERATE_INFOPLIST_FILE = YES;
				IPHONEOS_DEPLOYMENT_TARGET = 16.2;
				MARKETING_VERSION = 1.0;
				PRODUCT_BUNDLE_IDENTIFIER = uk.ac.liverpool.NessGardensTests;
				PRODUCT_NAME = "$(TARGET_NAME)";
				SWIFT_EMIT_LOC_STRINGS = NO;
				SWIFT_VERSION = 5.0;
				TARGETED_DEVICE_FAMILY = "1,2";
				TEST_HOST = "$(BUILT_PRODUCTS_DIR)/NessGardens.app/$(BUNDLE_EXECUTABLE_FOLDER_PATH)/NessGardens";
			};
			name = Debug;
		};
		81960330299AB50A008EDC6D /* Release */ = {
			isa = XCBuildConfiguration;
			buildSettings = {
				ALWAYS_EMBED_SWIFT_STANDARD_LIBRARIES = YES;
				BUNDLE_LOADER = "$(TEST_HOST)";
				CODE_SIGN_STYLE = Automatic;
				CURRENT_PROJECT_VERSION = 1;
				GENERATE_INFOPLIST_FILE = YES;
				IPHONEOS_DEPLOYMENT_TARGET = 16.2;
				MARKETING_VERSION = 1.0;
				PRODUCT_BUNDLE_IDENTIFIER = uk.ac.liverpool.NessGardensTests;
				PRODUCT_NAME = "$(TARGET_NAME)";
				SWIFT_EMIT_LOC_STRINGS = NO;
				SWIFT_VERSION = 5.0;
				TARGETED_DEVICE_FAMILY = "1,2";
				TEST_HOST = "$(BUILT_PRODUCTS_DIR)/NessGardens.app/$(BUNDLE_EXECUTABLE_FOLDER_PATH)/NessGardens";
			};
			name = Release;
		};
		81960332299AB50A008EDC6D /* Debug */ = {
			isa = XCBuildConfiguration;
			buildSettings = {
				ALWAYS_EMBED_SWIFT_STANDARD_LIBRARIES = YES;
				CODE_SIGN_STYLE = Automatic;
				CURRENT_PROJECT_VERSION = 1;
				GENERATE_INFOPLIST_FILE = YES;
				MARKETING_VERSION = 1.0;
				PRODUCT_BUNDLE_IDENTIFIER = uk.ac.liverpool.NessGardensUITests;
				PRODUCT_NAME = "$(TARGET_NAME)";
				SWIFT_EMIT_LOC_STRINGS = NO;
				SWIFT_VERSION = 5.0;
				TARGETED_DEVICE_FAMILY = "1,2";
				TEST_TARGET_NAME = NessGardens;
			};
			name = Debug;
		};
		81960333299AB50A008EDC6D /* Release */ = {
			isa = XCBuildConfiguration;
			buildSettings = {
				ALWAYS_EMBED_SWIFT_STANDARD_LIBRARIES = YES;
				CODE_SIGN_STYLE = Automatic;
				CURRENT_PROJECT_VERSION = 1;
				GENERATE_INFOPLIST_FILE = YES;
				MARKETING_VERSION = 1.0;
				PRODUCT_BUNDLE_IDENTIFIER = uk.ac.liverpool.NessGardensUITests;
				PRODUCT_NAME = "$(TARGET_NAME)";
				SWIFT_EMIT_LOC_STRINGS = NO;
				SWIFT_VERSION = 5.0;
				TARGETED_DEVICE_FAMILY = "1,2";
				TEST_TARGET_NAME = NessGardens;
			};
			name = Release;
		};
/* End XCBuildConfiguration section */

/* Begin XCConfigurationList section */
		81960302299AB4FC008EDC6D /* Build configuration list for PBXProject "NessGardens" */ = {
			isa = XCConfigurationList;
			buildConfigurations = (
				81960329299AB50A008EDC6D /* Debug */,
				8196032A299AB50A008EDC6D /* Release */,
			);
			defaultConfigurationIsVisible = 0;
			defaultConfigurationName = Release;
		};
		8196032B299AB50A008EDC6D /* Build configuration list for PBXNativeTarget "NessGardens" */ = {
			isa = XCConfigurationList;
			buildConfigurations = (
				8196032C299AB50A008EDC6D /* Debug */,
				8196032D299AB50A008EDC6D /* Release */,
			);
			defaultConfigurationIsVisible = 0;
			defaultConfigurationName = Release;
		};
		8196032E299AB50A008EDC6D /* Build configuration list for PBXNativeTarget "NessGardensTests" */ = {
			isa = XCConfigurationList;
			buildConfigurations = (
				8196032F299AB50A008EDC6D /* Debug */,
				81960330299AB50A008EDC6D /* Release */,
			);
			defaultConfigurationIsVisible = 0;
			defaultConfigurationName = Release;
		};
		81960331299AB50A008EDC6D /* Build configuration list for PBXNativeTarget "NessGardensUITests" */ = {
			isa = XCConfigurationList;
			buildConfigurations = (
				81960332299AB50A008EDC6D /* Debug */,
				81960333299AB50A008EDC6D /* Release */,
			);
			defaultConfigurationIsVisible = 0;
			defaultConfigurationName = Release;
		};
/* End XCConfigurationList section */
	};
	rootObject = 819602FF299AB4FC008EDC6D /* Project object */;
}
